
Microsoft Visual Studio Solution File, Format Version 12.00
# Visual Studio 15
VisualStudioVersion = 15.0.27428.2037
MinimumVisualStudioVersion = 10.0.40219.1
Project("{9A19103F-16F7-4668-BE54-9A1E7A4F7556}") = "OtakuNET.Web", "OtakuNET.Web\OtakuNET.Web.csproj", "{FFD6D009-AD41-444A-BA1D-6CF6D3A6BC1B}"
EndProject
Project("{9A19103F-16F7-4668-BE54-9A1E7A4F7556}") = "OtakuNET.Domain", "OtakuNET.Domain\OtakuNET.Domain.csproj", "{9375863D-825C-4630-BC31-DD5CC412C1A7}"
EndProject
Project("{2150E333-8FDC-42A3-9474-1A3956D46DE8}") = "tests", "tests", "{0B596A6D-8F47-44F4-8A33-29842B783725}"
EndProject
Project("{9A19103F-16F7-4668-BE54-9A1E7A4F7556}") = "OtakuNET.Domain.Tests", "tests\OtakuNET.Domain.Tests\OtakuNET.Domain.Tests.csproj", "{D27B8F37-A0DA-4790-981C-E48F0AE53A72}"
EndProject
Project("{9A19103F-16F7-4668-BE54-9A1E7A4F7556}") = "OtakuNET.Web.Tests", "tests\OtakuNET.Web.Tests\OtakuNET.Web.Tests.csproj", "{6B156B20-4C0A-4F6A-8ABD-7C30963CFD1D}"
EndProject
Project("{FAE04EC0-301F-11D3-BF4B-00C04F79EFBC}") = "OtakuNET.DatabaseInitializer", "OtakuNET.DatabaseInitializer\OtakuNET.DatabaseInitializer.csproj", "{81527FE9-AED0-46B7-9B58-36331B5D66F7}"
EndProject
Global
	GlobalSection(SolutionConfigurationPlatforms) = preSolution
		Debug|Any CPU = Debug|Any CPU
		Release|Any CPU = Release|Any CPU
	EndGlobalSection
	GlobalSection(ProjectConfigurationPlatforms) = postSolution
		{FFD6D009-AD41-444A-BA1D-6CF6D3A6BC1B}.Debug|Any CPU.ActiveCfg = Debug|Any CPU
		{FFD6D009-AD41-444A-BA1D-6CF6D3A6BC1B}.Debug|Any CPU.Build.0 = Debug|Any CPU
		{FFD6D009-AD41-444A-BA1D-6CF6D3A6BC1B}.Release|Any CPU.ActiveCfg = Release|Any CPU
		{FFD6D009-AD41-444A-BA1D-6CF6D3A6BC1B}.Release|Any CPU.Build.0 = Release|Any CPU
		{9375863D-825C-4630-BC31-DD5CC412C1A7}.Debug|Any CPU.ActiveCfg = Debug|Any CPU
		{9375863D-825C-4630-BC31-DD5CC412C1A7}.Debug|Any CPU.Build.0 = Debug|Any CPU
		{9375863D-825C-4630-BC31-DD5CC412C1A7}.Release|Any CPU.ActiveCfg = Release|Any CPU
		{9375863D-825C-4630-BC31-DD5CC412C1A7}.Release|Any CPU.Build.0 = Release|Any CPU
		{D27B8F37-A0DA-4790-981C-E48F0AE53A72}.Debug|Any CPU.ActiveCfg = Debug|Any CPU
		{D27B8F37-A0DA-4790-981C-E48F0AE53A72}.Debug|Any CPU.Build.0 = Debug|Any CPU
		{D27B8F37-A0DA-4790-981C-E48F0AE53A72}.Release|Any CPU.ActiveCfg = Release|Any CPU
		{D27B8F37-A0DA-4790-981C-E48F0AE53A72}.Release|Any CPU.Build.0 = Release|Any CPU
		{6B156B20-4C0A-4F6A-8ABD-7C30963CFD1D}.Debug|Any CPU.ActiveCfg = Debug|Any CPU
		{6B156B20-4C0A-4F6A-8ABD-7C30963CFD1D}.Debug|Any CPU.Build.0 = Debug|Any CPU
		{6B156B20-4C0A-4F6A-8ABD-7C30963CFD1D}.Release|Any CPU.ActiveCfg = Release|Any CPU
		{6B156B20-4C0A-4F6A-8ABD-7C30963CFD1D}.Release|Any CPU.Build.0 = Release|Any CPU
		{81527FE9-AED0-46B7-9B58-36331B5D66F7}.Debug|Any CPU.ActiveCfg = Debug|Any CPU
		{81527FE9-AED0-46B7-9B58-36331B5D66F7}.Debug|Any CPU.Build.0 = Debug|Any CPU
		{81527FE9-AED0-46B7-9B58-36331B5D66F7}.Release|Any CPU.ActiveCfg = Release|Any CPU
		{81527FE9-AED0-46B7-9B58-36331B5D66F7}.Release|Any CPU.Build.0 = Release|Any CPU
	EndGlobalSection
	GlobalSection(SolutionProperties) = preSolution
		HideSolutionNode = FALSE
	EndGlobalSection
	GlobalSection(NestedProjects) = preSolution
		{D27B8F37-A0DA-4790-981C-E48F0AE53A72} = {0B596A6D-8F47-44F4-8A33-29842B783725}
		{6B156B20-4C0A-4F6A-8ABD-7C30963CFD1D} = {0B596A6D-8F47-44F4-8A33-29842B783725}
	EndGlobalSection
	GlobalSection(ExtensibilityGlobals) = postSolution
		SolutionGuid = {C8976FE4-36EF-4F9B-A47B-A8B461844342}
	EndGlobalSection
EndGlobal
